
Microsoft Visual Studio Solution File, Format Version 12.00
# Visual Studio Version 16
VisualStudioVersion = 16.0.31829.152
MinimumVisualStudioVersion = 10.0.40219.1
Project("{FAE04EC0-301F-11D3-BF4B-00C04F79EFBC}") = "Lab10_1", "Lab10_1\Lab10_1.csproj", "{600FD397-3D7C-4CF8-A30A-CE977BC38ADE}"
EndProject
Global
	GlobalSection(SolutionConfigurationPlatforms) = preSolution
		Debug|Any CPU = Debug|Any CPU
		Release|Any CPU = Release|Any CPU
	EndGlobalSection
	GlobalSection(ProjectConfigurationPlatforms) = postSolution
		{600FD397-3D7C-4CF8-A30A-CE977BC38ADE}.Debug|Any CPU.ActiveCfg = Debug|Any CPU
		{600FD397-3D7C-4CF8-A30A-CE977BC38ADE}.Debug|Any CPU.Build.0 = Debug|Any CPU
		{600FD397-3D7C-4CF8-A30A-CE977BC38ADE}.Release|Any CPU.ActiveCfg = Release|Any CPU
		{600FD397-3D7C-4CF8-A30A-CE977BC38ADE}.Release|Any CPU.Build.0 = Release|Any CPU
	EndGlobalSection
	GlobalSection(SolutionProperties) = preSolution
		HideSolutionNode = FALSE
	EndGlobalSection
	GlobalSection(ExtensibilityGlobals) = postSolution
		SolutionGuid = {1A37193E-990D-4A96-8504-A873A1BDDE00}
	EndGlobalSection
EndGlobal
